lockfileVersion: 5.4

specifiers:
  file-system: ^2.2.2

dependencies:
  file-system: 2.2.2

packages:

  /file-match/1.0.2:
    resolution: {integrity: sha512-g9p6bZV3HlSUM35QPvFWiP/PckDVe5jLPDhx6PfMuy06o+htesJTyDu7zRdXnOm3BY8pXmxb+QY5qIcsoWMGNg==}
    dependencies:
      utils-extend: 1.0.8
    dev: false

  /file-system/2.2.2:
    resolution: {integrity: sha512-YgbXEVCu21CfmoeJ1rFLVLPGhW9o7iCzVFqk7ydy2TxF7rXH2YB68CFgDXLOvTD2pMLtg8paVqurzVjxGRdYmw==}
    dependencies:
      file-match: 1.0.2
      utils-extend: 1.0.8
    dev: false

  /utils-extend/1.0.8:
    resolution: {integrity: sha512-+VzQieEAijyCFGqnGAWIy7Em1dFGdgf1w+orKwmTWHyaGL19aw9Oq5e5ZZaxgcS777AkPYEsbgWqpz5E6KniPg==}
    dev: false
